// !$*UTF8*$!
{
	archiveVersion = 1;
	classes = {
	};
	objectVersion = 50;
	objects = {

/* Begin PBXBuildFile section */
		065A7054244FF3B40073DAA4 /* AppDelegate.m in Sources */ = {isa = PBXBuildFile; fileRef = 065A7053244FF3B40073DAA4 /* AppDelegate.m */; };
		065A7057244FF3B40073DAA4 /* SceneDelegate.m in Sources */ = {isa = PBXBuildFile; fileRef = 065A7056244FF3B40073DAA4 /* SceneDelegate.m */; };
		065A705A244FF3B40073DAA4 /* ViewController.m in Sources */ = {isa = PBXBuildFile; fileRef = 065A7059244FF3B40073DAA4 /* ViewController.m */; };
		065A705D244FF3B40073DAA4 /* Main.storyboard in Resources */ = {isa = PBXBuildFile; fileRef = 065A705B244FF3B40073DAA4 /* Main.storyboard */; };
		065A705F244FF3B80073DAA4 /* Assets.xcassets in Resources */ = {isa = PBXBuildFile; fileRef = 065A705E244FF3B80073DAA4 /* Assets.xcassets */; };
		065A7062244FF3B80073DAA4 /* LaunchScreen.storyboard in Resources */ = {isa = PBXBuildFile; fileRef = 065A7060244FF3B80073DAA4 /* LaunchScreen.storyboard */; };
		065A7065244FF3B80073DAA4 /* main.m in Sources */ = {isa = PBXBuildFile; fileRef = 065A7064244FF3B80073DAA4 /* main.m */; };
		065A706F244FF3B80073DAA4 /* JSCodeDemoUITests.m in Sources */ = {isa = PBXBuildFile; fileRef = 065A706E244FF3B80073DAA4 /* JSCodeDemoUITests.m */; };
		065A707B244FF6CB0073DAA4 /* JavaScriptCore.framework in Frameworks */ = {isa = PBXBuildFile; fileRef = 065A707A244FF6CB0073DAA4 /* JavaScriptCore.framework */; };
/* End PBXBuildFile section */

/* Begin PBXContainerItemProxy section */
		065A706B244FF3B80073DAA4 /* PBXContainerItemProxy */ = {
			isa = PBXContainerItemProxy;
			containerPortal = 065A7047244FF3B40073DAA4 /* Project object */;
			proxyType = 1;
			remoteGlobalIDString = 065A704E244FF3B40073DAA4;
			remoteInfo = JSCodeDemo;
		};
/* End PBXContainerItemProxy section */

/* Begin PBXFileReference section */
		065A704F244FF3B40073DAA4 /* JSCodeDemo.app */ = {isa = PBXFileReference; explicitFileType = wrapper.application; includeInIndex = 0; path = JSCodeDemo.app; sourceTree = BUILT_PRODUCTS_DIR; };
		065A7052244FF3B40073DAA4 /* AppDelegate.h */ = {isa = PBXFileReference; lastKnownFileType = sourcecode.c.h; path = AppDelegate.h; sourceTree = "<group>"; };
		065A7053244FF3B40073DAA4 /* AppDelegate.m */ = {isa = PBXFileReference; lastKnownFileType = sourcecode.c.objc; path = AppDelegate.m; sourceTree = "<group>"; };
		065A7055244FF3B40073DAA4 /* SceneDelegate.h */ = {isa = PBXFileReference; lastKnownFileType = sourcecode.c.h; path = SceneDelegate.h; sourceTree = "<group>"; };
		065A7056244FF3B40073DAA4 /* SceneDelegate.m */ = {isa = PBXFileReference; lastKnownFileType = sourcecode.c.objc; path = SceneDelegate.m; sourceTree = "<group>"; };
		065A7058244FF3B40073DAA4 /* ViewController.h */ = {isa = PBXFileReference; lastKnownFileType = sourcecode.c.h; path = ViewController.h; sourceTree = "<group>"; };
		065A7059244FF3B40073DAA4 /* ViewController.m */ = {isa = PBXFileReference; lastKnownFileType = sourcecode.c.objc; path = ViewController.m; sourceTree = "<group>"; };
		065A705C244FF3B40073DAA4 /* Base */ = {isa = PBXFileReference; lastKnownFileType = file.storyboard; name = Base; path = Base.lproj/Main.storyboard; sourceTree = "<group>"; };
		065A705E244FF3B80073DAA4 /* Assets.xcassets */ = {isa = PBXFileReference; lastKnownFileType = folder.assetcatalog; path = Assets.xcassets; sourceTree = "<group>"; };
		065A7061244FF3B80073DAA4 /* Base */ = {isa = PBXFileReference; lastKnownFileType = file.storyboard; name = Base; path = Base.lproj/LaunchScreen.storyboard; sourceTree = "<group>"; };
		065A7063244FF3B80073DAA4 /* Info.plist */ = {isa = PBXFileReference; lastKnownFileType = text.plist.xml; path = Info.plist; sourceTree = "<group>"; };
		065A7064244FF3B80073DAA4 /* main.m */ = {isa = PBXFileReference; lastKnownFileType = sourcecode.c.objc; path = main.m; sourceTree = "<group>"; };
		065A706A244FF3B80073DAA4 /* JSCodeDemoUITests.xctest */ = {isa = PBXFileReference; explicitFileType = wrapper.cfbundle; includeInIndex = 0; path = JSCodeDemoUITests.xctest; sourceTree = BUILT_PRODUCTS_DIR; };
		065A706E244FF3B80073DAA4 /* JSCodeDemoUITests.m */ = {isa = PBXFileReference; lastKnownFileType = sourcecode.c.objc; path = JSCodeDemoUITests.m; sourceTree = "<group>"; };
		065A7070244FF3B80073DAA4 /* Info.plist */ = {isa = PBXFileReference; lastKnownFileType = text.plist.xml; path = Info.plist; sourceTree = "<group>"; };
		065A707A244FF6CB0073DAA4 /* JavaScriptCore.framework */ = {isa = PBXFileReference; lastKnownFileType = wrapper.framework; name = JavaScriptCore.framework; path = System/Library/Frameworks/JavaScriptCore.framework; sourceTree = SDKROOT; };
		065A707C244FF6F60073DAA4 /* JSProtocol.h */ = {isa = PBXFileReference; lastKnownFileType = sourcecode.c.h; path = JSProtocol.h; sourceTree = "<group>"; };
/* End PBXFileReference section */

/* Begin PBXFrameworksBuildPhase section */
		065A704C244FF3B40073DAA4 /* Frameworks */ = {
			isa = PBXFrameworksBuildPhase;
			buildActionMask = 2147483647;
			files = (
				065A707B244FF6CB0073DAA4 /* JavaScriptCore.framework in Frameworks */,
			);
			runOnlyForDeploymentPostprocessing = 0;
		};
		065A7067244FF3B80073DAA4 /* Frameworks */ = {
			isa = PBXFrameworksBuildPhase;
			buildActionMask = 2147483647;
			files = (
			);
			runOnlyForDeploymentPostprocessing = 0;
		};
/* End PBXFrameworksBuildPhase section */

/* Begin PBXGroup section */
		065A7046244FF3B40073DAA4 = {
			isa = PBXGroup;
			children = (
				065A7051244FF3B40073DAA4 /* JSCodeDemo */,
				065A706D244FF3B80073DAA4 /* JSCodeDemoUITests */,
				065A7050244FF3B40073DAA4 /* Products */,
				065A7079244FF6CB0073DAA4 /* Frameworks */,
			);
			sourceTree = "<group>";
		};
		065A7050244FF3B40073DAA4 /* Products */ = {
			isa = PBXGroup;
			children = (
				065A704F244FF3B40073DAA4 /* JSCodeDemo.app */,
				065A706A244FF3B80073DAA4 /* JSCodeDemoUITests.xctest */,
			);
			name = Products;
			sourceTree = "<group>";
		};
		065A7051244FF3B40073DAA4 /* JSCodeDemo */ = {
			isa = PBXGroup;
			children = (
				065A7052244FF3B40073DAA4 /* AppDelegate.h */,
				065A7053244FF3B40073DAA4 /* AppDelegate.m */,
				065A7055244FF3B40073DAA4 /* SceneDelegate.h */,
				065A7056244FF3B40073DAA4 /* SceneDelegate.m */,
				065A7058244FF3B40073DAA4 /* ViewController.h */,
				065A7059244FF3B40073DAA4 /* ViewController.m */,
				065A707C244FF6F60073DAA4 /* JSProtocol.h */,
				065A705B244FF3B40073DAA4 /* Main.storyboard */,
				065A705E244FF3B80073DAA4 /* Assets.xcassets */,
				065A7060244FF3B80073DAA4 /* LaunchScreen.storyboard */,
				065A7063244FF3B80073DAA4 /* Info.plist */,
				065A7064244FF3B80073DAA4 /* main.m */,
			);
			path = JSCodeDemo;
			sourceTree = "<group>";
		};
		065A706D244FF3B80073DAA4 /* JSCodeDemoUITests */ = {
			isa = PBXGroup;
			children = (
				065A706E244FF3B80073DAA4 /* JSCodeDemoUITests.m */,
				065A7070244FF3B80073DAA4 /* Info.plist */,
			);
			path = JSCodeDemoUITests;
			sourceTree = "<group>";
		};
		065A7079244FF6CB0073DAA4 /* Frameworks */ = {
			isa = PBXGroup;
			children = (
				065A707A244FF6CB0073DAA4 /* JavaScriptCore.framework */,
			);
			name = Frameworks;
			sourceTree = "<group>";
		};
/* End PBXGroup section */

/* Begin PBXNativeTarget section */
		065A704E244FF3B40073DAA4 /* JSCodeDemo */ = {
			isa = PBXNativeTarget;
			buildConfigurationList = 065A7073244FF3B80073DAA4 /* Build configuration list for PBXNativeTarget "JSCodeDemo" */;
			buildPhases = (
				065A704B244FF3B40073DAA4 /* Sources */,
				065A704C244FF3B40073DAA4 /* Frameworks */,
				065A704D244FF3B40073DAA4 /* Resources */,
			);
			buildRules = (
			);
			dependencies = (
			);
			name = JSCodeDemo;
			productName = JSCodeDemo;
			productReference = 065A704F244FF3B40073DAA4 /* JSCodeDemo.app */;
			productType = "com.apple.product-type.application";
		};
		065A7069244FF3B80073DAA4 /* JSCodeDemoUITests */ = {
			isa = PBXNativeTarget;
			buildConfigurationList = 065A7076244FF3B80073DAA4 /* Build configuration list for PBXNativeTarget "JSCodeDemoUITests" */;
			buildPhases = (
				065A7066244FF3B80073DAA4 /* Sources */,
				065A7067244FF3B80073DAA4 /* Frameworks */,
				065A7068244FF3B80073DAA4 /* Resources */,
			);
			buildRules = (
			);
			dependencies = (
				065A706C244FF3B80073DAA4 /* PBXTargetDependency */,
			);
			name = JSCodeDemoUITests;
			productName = JSCodeDemoUITests;
			productReference = 065A706A244FF3B80073DAA4 /* JSCodeDemoUITests.xctest */;
			productType = "com.apple.product-type.bundle.ui-testing";
		};
/* End PBXNativeTarget section */

/* Begin PBXProject section */
		065A7047244FF3B40073DAA4 /* Project object */ = {
			isa = PBXProject;
			attributes = {
				LastUpgradeCheck = 1120;
				ORGANIZATIONNAME = ycong;
				TargetAttributes = {
					065A704E244FF3B40073DAA4 = {
						CreatedOnToolsVersion = 11.2.1;
					};
					065A7069244FF3B80073DAA4 = {
						CreatedOnToolsVersion = 11.2.1;
						TestTargetID = 065A704E244FF3B40073DAA4;
					};
				};
			};
			buildConfigurationList = 065A704A244FF3B40073DAA4 /* Build configuration list for PBXProject "JSCodeDemo" */;
			compatibilityVersion = "Xcode 9.3";
			developmentRegion = en;
			hasScannedForEncodings = 0;
			knownRegions = (
				en,
				Base,
			);
			mainGroup = 065A7046244FF3B40073DAA4;
			productRefGroup = 065A7050244FF3B40073DAA4 /* Products */;
			projectDirPath = "";
			projectRoot = "";
			targets = (
				065A704E244FF3B40073DAA4 /* JSCodeDemo */,
				065A7069244FF3B80073DAA4 /* JSCodeDemoUITests */,
			);
		};
/* End PBXProject section */

/* Begin PBXResourcesBuildPhase section */
		065A704D244FF3B40073DAA4 /* Resources */ = {
			isa = PBXResourcesBuildPhase;
			buildActionMask = 2147483647;
			files = (
				065A7062244FF3B80073DAA4 /* LaunchScreen.storyboard in Resources */,
				065A705F244FF3B80073DAA4 /* Assets.xcassets in Resources */,
				065A705D244FF3B40073DAA4 /* Main.storyboard in Resources */,
			);
			runOnlyForDeploymentPostprocessing = 0;
		};
		065A7068244FF3B80073DAA4 /* Resources */ = {
			isa = PBXResourcesBuildPhase;
			buildActionMask = 2147483647;
			files = (
			);
			runOnlyForDeploymentPostprocessing = 0;
		};
/* End PBXResourcesBuildPhase section */

/* Begin PBXSourcesBuildPhase section */
		065A704B244FF3B40073DAA4 /* Sources */ = {
			isa = PBXSourcesBuildPhase;
			buildActionMask = 2147483647;
			files = (
				065A705A244FF3B40073DAA4 /* ViewController.m in Sources */,
				065A7054244FF3B40073DAA4 /* AppDelegate.m in Sources */,
				065A7065244FF3B80073DAA4 /* main.m in Sources */,
				065A7057244FF3B40073DAA4 /* SceneDelegate.m in Sources */,
			);
			runOnlyForDeploymentPostprocessing = 0;
		};
		065A7066244FF3B80073DAA4 /* Sources */ = {
			isa = PBXSourcesBuildPhase;
			buildActionMask = 2147483647;
			files = (
				065A706F244FF3B80073DAA4 /* JSCodeDemoUITests.m in Sources */,
			);
			runOnlyForDeploymentPostprocessing = 0;
		};
/* End PBXSourcesBuildPhase section */

/* Begin PBXTargetDependency section */
		065A706C244FF3B80073DAA4 /* PBXTargetDependency */ = {
			isa = PBXTargetDependency;
			target = 065A704E244FF3B40073DAA4 /* JSCodeDemo */;
			targetProxy = 065A706B244FF3B80073DAA4 /* PBXContainerItemProxy */;
		};
/* End PBXTargetDependency section */

/* Begin PBXVariantGroup section */
		065A705B244FF3B40073DAA4 /* Main.storyboard */ = {
			isa = PBXVariantGroup;
			children = (
				065A705C244FF3B40073DAA4 /* Base */,
			);
			name = Main.storyboard;
			sourceTree = "<group>";
		};
		065A7060244FF3B80073DAA4 /* LaunchScreen.storyboard */ = {
			isa = PBXVariantGroup;
			children = (
				065A7061244FF3B80073DAA4 /* Base */,
			);
			name = LaunchScreen.storyboard;
			sourceTree = "<group>";
		};
/* End PBXVariantGroup section */

/* Begin XCBuildConfiguration section */
		065A7071244FF3B80073DAA4 /* Debug */ = {
			isa = XCBuildConfiguration;
			buildSettings = {
				ALWAYS_SEARCH_USER_PATHS = NO;
				CLANG_ANALYZER_NONNULL = YES;
				CLANG_ANALYZER_NUMBER_OBJECT_CONVERSION = YES_AGGRESSIVE;
				CLANG_CXX_LANGUAGE_STANDARD = "gnu++14";
				CLANG_CXX_LIBRARY = "libc++";
				CLANG_ENABLE_MODULES = YES;
				CLANG_ENABLE_OBJC_ARC = YES;
				CLANG_ENABLE_OBJC_WEAK = YES;
				CLANG_WARN_BLOCK_CAPTURE_AUTORELEASING = YES;
				CLANG_WARN_BOOL_CONVERSION = YES;
				CLANG_WARN_COMMA = YES;
				CLANG_WARN_CONSTANT_CONVERSION = YES;
				CLANG_WARN_DEPRECATED_OBJC_IMPLEMENTATIONS = YES;
				CLANG_WARN_DIRECT_OBJC_ISA_USAGE = YES_ERROR;
				CLANG_WARN_DOCUMENTATION_COMMENTS = YES;
				CLANG_WARN_EMPTY_BODY = YES;
				CLANG_WARN_ENUM_CONVERSION = YES;
				CLANG_WARN_INFINITE_RECURSION = YES;
				CLANG_WARN_INT_CONVERSION = YES;
				CLANG_WARN_NON_LITERAL_NULL_CONVERSION = YES;
				CLANG_WARN_OBJC_IMPLICIT_RETAIN_SELF = YES;
				CLANG_WARN_OBJC_LITERAL_CONVERSION = YES;
				CLANG_WARN_OBJC_ROOT_CLASS = YES_ERROR;
				CLANG_WARN_RANGE_LOOP_ANALYSIS = YES;
				CLANG_WARN_STRICT_PROTOTYPES = YES;
				CLANG_WARN_SUSPICIOUS_MOVE = YES;
				CLANG_WARN_UNGUARDED_AVAILABILITY = YES_AGGRESSIVE;
				CLANG_WARN_UNREACHABLE_CODE = YES;
				CLANG_WARN__DUPLICATE_METHOD_MATCH = YES;
				COPY_PHASE_STRIP = NO;
				DEBUG_INFORMATION_FORMAT = dwarf;
				ENABLE_STRICT_OBJC_MSGSEND = YES;
				ENABLE_TESTABILITY = YES;
				GCC_C_LANGUAGE_STANDARD = gnu11;
				GCC_DYNAMIC_NO_PIC = NO;
				GCC_NO_COMMON_BLOCKS = YES;
				GCC_OPTIMIZATION_LEVEL = 0;
				GCC_PREPROCESSOR_DEFINITIONS = (
					"DEBUG=1",
					"$(inherited)",
				);
				GCC_WARN_64_TO_32_BIT_CONVERSION = YES;
				GCC_WARN_ABOUT_RETURN_TYPE = YES_ERROR;
				GCC_WARN_UNDECLARED_SELECTOR = YES;
				GCC_WARN_UNINITIALIZED_AUTOS = YES_AGGRESSIVE;
				GCC_WARN_UNUSED_FUNCTION = YES;
				GCC_WARN_UNUSED_VARIABLE = YES;
				IPHONEOS_DEPLOYMENT_TARGET = 13.2;
				MTL_ENABLE_DEBUG_INFO = INCLUDE_SOURCE;
				MTL_FAST_MATH = YES;
				ONLY_ACTIVE_ARCH = YES;
				SDKROOT = iphoneos;
			};
			name = Debug;
		};
		065A7072244FF3B80073DAA4 /* Release */ = {
			isa = XCBuildConfiguration;
			buildSettings = {
				ALWAYS_SEARCH_USER_PATHS = NO;
				CLANG_ANALYZER_NONNULL = YES;
				CLANG_ANALYZER_NUMBER_OBJECT_CONVERSION = YES_AGGRESSIVE;
				CLANG_CXX_LANGUAGE_STANDARD = "gnu++14";
				CLANG_CXX_LIBRARY = "libc++";
				CLANG_ENABLE_MODULES = YES;
				CLANG_ENABLE_OBJC_ARC = YES;
				CLANG_ENABLE_OBJC_WEAK = YES;
				CLANG_WARN_BLOCK_CAPTURE_AUTORELEASING = YES;
				CLANG_WARN_BOOL_CONVERSION = YES;
				CLANG_WARN_COMMA = YES;
				CLANG_WARN_CONSTANT_CONVERSION = YES;
				CLANG_WARN_DEPRECATED_OBJC_IMPLEMENTATIONS = YES;
				CLANG_WARN_DIRECT_OBJC_ISA_USAGE = YES_ERROR;
				CLANG_WARN_DOCUMENTATION_COMMENTS = YES;
				CLANG_WARN_EMPTY_BODY = YES;
				CLANG_WARN_ENUM_CONVERSION = YES;
				CLANG_WARN_INFINITE_RECURSION = YES;
				CLANG_WARN_INT_CONVERSION = YES;
				CLANG_WARN_NON_LITERAL_NULL_CONVERSION = YES;
				CLANG_WARN_OBJC_IMPLICIT_RETAIN_SELF = YES;
				CLANG_WARN_OBJC_LITERAL_CONVERSION = YES;
				CLANG_WARN_OBJC_ROOT_CLASS = YES_ERROR;
				CLANG_WARN_RANGE_LOOP_ANALYSIS = YES;
				CLANG_WARN_STRICT_PROTOTYPES = YES;
				CLANG_WARN_SUSPICIOUS_MOVE = YES;
				CLANG_WARN_UNGUARDED_AVAILABILITY = YES_AGGRESSIVE;
				CLANG_WARN_UNREACHABLE_CODE = YES;
				CLANG_WARN__DUPLICATE_METHOD_MATCH = YES;
				COPY_PHASE_STRIP = NO;
				DEBUG_INFORMATION_FORMAT = "dwarf-with-dsym";
				ENABLE_NS_ASSERTIONS = NO;
				ENABLE_STRICT_OBJC_MSGSEND = YES;
				GCC_C_LANGUAGE_STANDARD = gnu11;
				GCC_NO_COMMON_BLOCKS = YES;
				GCC_WARN_64_TO_32_BIT_CONVERSION = YES;
				GCC_WARN_ABOUT_RETURN_TYPE = YES_ERROR;
				GCC_WARN_UNDECLARED_SELECTOR = YES;
				GCC_WARN_UNINITIALIZED_AUTOS = YES_AGGRESSIVE;
				GCC_WARN_UNUSED_FUNCTION = YES;
				GCC_WARN_UNUSED_VARIABLE = YES;
				IPHONEOS_DEPLOYMENT_TARGET = 13.2;
				MTL_ENABLE_DEBUG_INFO = NO;
				MTL_FAST_MATH = YES;
				SDKROOT = iphoneos;
				VALIDATE_PRODUCT = YES;
			};
			name = Release;
		};
		065A7074244FF3B80073DAA4 /* Debug */ = {
			isa = XCBuildConfiguration;
			buildSettings = {
				ASSETCATALOG_COMPILER_APPICON_NAME = AppIcon;
				CODE_SIGN_STYLE = Automatic;
				INFOPLIST_FILE = JSCodeDemo/Info.plist;
				LD_RUNPATH_SEARCH_PATHS = (
					"$(inherited)",
					"@executable_path/Frameworks",
				);
				PRODUCT_BUNDLE_IDENTIFIER = com.ycong.JSCodeDemo;
				PRODUCT_NAME = "$(TARGET_NAME)";
				TARGETED_DEVICE_FAMILY = "1,2";
			};
			name = Debug;
		};
		065A7075244FF3B80073DAA4 /* Release */ = {
			isa = XCBuildConfiguration;
			buildSettings = {
				ASSETCATALOG_COMPILER_APPICON_NAME = AppIcon;
				CODE_SIGN_STYLE = Automatic;
				INFOPLIST_FILE = JSCodeDemo/Info.plist;
				LD_RUNPATH_SEARCH_PATHS = (
					"$(inherited)",
					"@executable_path/Frameworks",
				);
				PRODUCT_BUNDLE_IDENTIFIER = com.ycong.JSCodeDemo;
				PRODUCT_NAME = "$(TARGET_NAME)";
				TARGETED_DEVICE_FAMILY = "1,2";
			};
			name = Release;
		};
		065A7077244FF3B80073DAA4 /* Debug */ = {
			isa = XCBuildConfiguration;
			buildSettings = {
				CODE_SIGN_STYLE = Automatic;
				INFOPLIST_FILE = JSCodeDemoUITests/Info.plist;
				LD_RUNPATH_SEARCH_PATHS = (
					"$(inherited)",
					"@executable_path/Frameworks",
					"@loader_path/Frameworks",
				);
				PRODUCT_BUNDLE_IDENTIFIER = com.ycong.JSCodeDemoUITests;
				PRODUCT_NAME = "$(TARGET_NAME)";
				TARGETED_DEVICE_FAMILY = "1,2";
				TEST_TARGET_NAME = JSCodeDemo;
			};
			name = Debug;
		};
		065A7078244FF3B80073DAA4 /* Release */ = {
			isa = XCBuildConfiguration;
			buildSettings = {
				CODE_SIGN_STYLE = Automatic;
				INFOPLIST_FILE = JSCodeDemoUITests/Info.plist;
				LD_RUNPATH_SEARCH_PATHS = (
					"$(inherited)",
					"@executable_path/Frameworks",
					"@loader_path/Frameworks",
				);
				PRODUCT_BUNDLE_IDENTIFIER = com.ycong.JSCodeDemoUITests;
				PRODUCT_NAME = "$(TARGET_NAME)";
				TARGETED_DEVICE_FAMILY = "1,2";
				TEST_TARGET_NAME = JSCodeDemo;
			};
			name = Release;
		};
/* End XCBuildConfiguration section */

/* Begin XCConfigurationList section */
		065A704A244FF3B40073DAA4 /* Build configuration list for PBXProject "JSCodeDemo" */ = {
			isa = XCConfigurationList;
			buildConfigurations = (
				065A7071244FF3B80073DAA4 /* Debug */,
				065A7072244FF3B80073DAA4 /* Release */,
			);
			defaultConfigurationIsVisible = 0;
			defaultConfigurationName = Release;
		};
		065A7073244FF3B80073DAA4 /* Build configuration list for PBXNativeTarget "JSCodeDemo" */ = {
			isa = XCConfigurationList;
			buildConfigurations = (
				065A7074244FF3B80073DAA4 /* Debug */,
				065A7075244FF3B80073DAA4 /* Release */,
			);
			defaultConfigurationIsVisible = 0;
			defaultConfigurationName = Release;
		};
		065A7076244FF3B80073DAA4 /* Build configuration list for PBXNativeTarget "JSCodeDemoUITests" */ = {
			isa = XCConfigurationList;
			buildConfigurations = (
				065A7077244FF3B80073DAA4 /* Debug */,
				065A7078244FF3B80073DAA4 /* Release */,
			);
			defaultConfigurationIsVisible = 0;
			defaultConfigurationName = Release;
		};
/* End XCConfigurationList section */
	};
	rootObject = 065A7047244FF3B40073DAA4 /* Project object */;
}
